// !$*UTF8*$!
{
	archiveVersion = 1;
	classes = {
	};
	objectVersion = 46;
	objects = {

/* Begin PBXBuildFile section */
		0919C9F41F8DBDF900AC4DA3 /* Longest Palindromic Substring.m in Sources */ = {isa = PBXBuildFile; fileRef = 0919C9F31F8DBDF900AC4DA3 /* Longest Palindromic Substring.m */; };
		0919C9F71F8DEB1F00AC4DA3 /* Longest Substring Without Repeating Characters.m in Sources */ = {isa = PBXBuildFile; fileRef = 0919C9F61F8DEB1F00AC4DA3 /* Longest Substring Without Repeating Characters.m */; };
		0919C9FA1F8DFBE900AC4DA3 /* String to Integer.m in Sources */ = {isa = PBXBuildFile; fileRef = 0919C9F91F8DFBE900AC4DA3 /* String to Integer.m */; };
		0919C9FD1F8E168200AC4DA3 /* Reverse Words in a String.m in Sources */ = {isa = PBXBuildFile; fileRef = 0919C9FC1F8E168200AC4DA3 /* Reverse Words in a String.m */; };
		0919CA001F8E1C5400AC4DA3 /* Full Permutation.m in Sources */ = {isa = PBXBuildFile; fileRef = 0919C9FF1F8E1C5400AC4DA3 /* Full Permutation.m */; };
		09263AE01F7B8EEC003C5911 /* Trie.m in Sources */ = {isa = PBXBuildFile; fileRef = 09263ADF1F7B8EEC003C5911 /* Trie.m */; };
		093CD1691F946024008292A3 /* Two num.m in Sources */ = {isa = PBXBuildFile; fileRef = 093CD1681F946024008292A3 /* Two num.m */; };
		093CD16C1F948D18008292A3 /* Roman To  Int.m in Sources */ = {isa = PBXBuildFile; fileRef = 093CD16B1F948D18008292A3 /* Roman To  Int.m */; };
		093CD1721F9490B4008292A3 /* _3Num.m in Sources */ = {isa = PBXBuildFile; fileRef = 093CD1711F9490B4008292A3 /* _3Num.m */; };
		093CD1751F949FEE008292A3 /* Valid Parentheses.m in Sources */ = {isa = PBXBuildFile; fileRef = 093CD1741F949FEE008292A3 /* Valid Parentheses.m */; };
		093CD1781F94ADDF008292A3 /* Generate Parentheses.m in Sources */ = {isa = PBXBuildFile; fileRef = 093CD1771F94ADDF008292A3 /* Generate Parentheses.m */; };
		094D87131F8B4B2C00D00860 /* DynamicProgramming.m in Sources */ = {isa = PBXBuildFile; fileRef = 094D87121F8B4B2C00D00860 /* DynamicProgramming.m */; };
		094D87161F8B803D00D00860 /* GreedyALG.m in Sources */ = {isa = PBXBuildFile; fileRef = 094D87151F8B803D00D00860 /* GreedyALG.m */; };
		095251341F933EC600C6989E /* TreeQuestion.m in Sources */ = {isa = PBXBuildFile; fileRef = 095251331F933EC600C6989E /* TreeQuestion.m */; };
		0957EF3E1F9092D000616B77 /* Find Num in Yang Array.m in Sources */ = {isa = PBXBuildFile; fileRef = 0957EF3D1F9092D000616B77 /* Find Num in Yang Array.m */; };
		0957EF411F909D4000616B77 /* Find more than half of the array number.m in Sources */ = {isa = PBXBuildFile; fileRef = 0957EF401F909D4000616B77 /* Find more than half of the array number.m */; };
		0957EF441F90A45E00616B77 /* Kth Largest Element in an Array.m in Sources */ = {isa = PBXBuildFile; fileRef = 0957EF431F90A45E00616B77 /* Kth Largest Element in an Array.m */; };
		0957EF471F90AC9300616B77 /* Find specific num count in Orderly array.m in Sources */ = {isa = PBXBuildFile; fileRef = 0957EF461F90AC9300616B77 /* Find specific num count in Orderly array.m */; };
		0957EF4B1F90C59F00616B77 /* LinklistQuestion.m in Sources */ = {isa = PBXBuildFile; fileRef = 0957EF4A1F90C59F00616B77 /* LinklistQuestion.m */; };
		095FFF521F78DDC3000F6BA0 /* BinaryTree.m in Sources */ = {isa = PBXBuildFile; fileRef = 095FFF511F78DDC3000F6BA0 /* BinaryTree.m */; };
		096948651F96344D00A8B8E1 /* Valid Palindrome.m in Sources */ = {isa = PBXBuildFile; fileRef = 096948641F96344D00A8B8E1 /* Valid Palindrome.m */; };
		096948681F963AB600A8B8E1 /* Palindrome Partitioning.m in Sources */ = {isa = PBXBuildFile; fileRef = 096948671F963AB600A8B8E1 /* Palindrome Partitioning.m */; };
		09848B0F1F7A63A700C8F54E /* HightlightBinaryTree.m in Sources */ = {isa = PBXBuildFile; fileRef = 09848B0E1F7A63A700C8F54E /* HightlightBinaryTree.m */; };
		0988CC551F73532700ED50B4 /* MergeSort.m in Sources */ = {isa = PBXBuildFile; fileRef = 0988CC541F73532700ED50B4 /* MergeSort.m */; };
		098F56C51F7F7F6400234CFA /* Graph.m in Sources */ = {isa = PBXBuildFile; fileRef = 098F56C41F7F7F6400234CFA /* Graph.m */; };
		0993C9C61F959842003E14F4 /* Implement strStr().m in Sources */ = {isa = PBXBuildFile; fileRef = 0993C9C51F959842003E14F4 /* Implement strStr().m */; };
		0993C9C91F95A0E6003E14F4 /* Group Anagrams.m in Sources */ = {isa = PBXBuildFile; fileRef = 0993C9C81F95A0E6003E14F4 /* Group Anagrams.m */; };
		0993C9CD1F95A6FA003E14F4 /* Pow(x, n).m in Sources */ = {isa = PBXBuildFile; fileRef = 0993C9CC1F95A6FA003E14F4 /* Pow(x, n).m */; };
		0993C9D01F95B161003E14F4 /* Add Binary.m in Sources */ = {isa = PBXBuildFile; fileRef = 0993C9CF1F95B161003E14F4 /* Add Binary.m */; };
		0993C9D31F95D96D003E14F4 /* Set Matrix Zeroes.m in Sources */ = {isa = PBXBuildFile; fileRef = 0993C9D21F95D96D003E14F4 /* Set Matrix Zeroes.m */; };
		0993C9D61F95E7A2003E14F4 /* Combinations.m in Sources */ = {isa = PBXBuildFile; fileRef = 0993C9D51F95E7A2003E14F4 /* Combinations.m */; };
		0993C9D91F95F79E003E14F4 /* Word Search.m in Sources */ = {isa = PBXBuildFile; fileRef = 0993C9D81F95F79E003E14F4 /* Word Search.m */; };
		0993C9DC1F960640003E14F4 /* Decode Ways.m in Sources */ = {isa = PBXBuildFile; fileRef = 0993C9DB1F960640003E14F4 /* Decode Ways.m */; };
		0994EB391F8F32F100FDD5E5 /* Maximum Subarray.m in Sources */ = {isa = PBXBuildFile; fileRef = 0994EB381F8F32F100FDD5E5 /* Maximum Subarray.m */; };
		0994EB3C1F8F447B00FDD5E5 /* Regular Expression Matching.m in Sources */ = {isa = PBXBuildFile; fileRef = 0994EB3B1F8F447A00FDD5E5 /* Regular Expression Matching.m */; };
		0994EB401F8F66C000FDD5E5 /* Two sorted array Median.m in Sources */ = {isa = PBXBuildFile; fileRef = 0994EB3F1F8F66C000FDD5E5 /* Two sorted array Median.m */; };
		0994EB431F8F6E6800FDD5E5 /* Find Minimum in Rotated Sorted Array.m in Sources */ = {isa = PBXBuildFile; fileRef = 0994EB421F8F6E6800FDD5E5 /* Find Minimum in Rotated Sorted Array.m */; };
		09BB310E1F74E67300634517 /* LinkedList.m in Sources */ = {isa = PBXBuildFile; fileRef = 09BB310D1F74E67300634517 /* LinkedList.m */; };
		09BB31121F7500D300634517 /* Practice.m in Sources */ = {isa = PBXBuildFile; fileRef = 09BB31111F7500D300634517 /* Practice.m */; };
		09BB313C1F75167100634517 /* BinarySearch.m in Sources */ = {isa = PBXBuildFile; fileRef = 09BB313B1F75167100634517 /* BinarySearch.m */; };
		09C010CB1F739CE9007BB39C /* ShellSort.m in Sources */ = {isa = PBXBuildFile; fileRef = 09C010CA1F739CE9007BB39C /* ShellSort.m */; };
		09C63E5C1F7272D900EABCAF /* HeapSort.m in Sources */ = {isa = PBXBuildFile; fileRef = 09C63E5B1F7272D900EABCAF /* HeapSort.m */; };
		09C7168C1F70C10D00A3A337 /* main.m in Sources */ = {isa = PBXBuildFile; fileRef = 09C7168B1F70C10D00A3A337 /* main.m */; };
		09C7168F1F70C10D00A3A337 /* AppDelegate.m in Sources */ = {isa = PBXBuildFile; fileRef = 09C7168E1F70C10D00A3A337 /* AppDelegate.m */; };
		09C716921F70C10D00A3A337 /* ViewController.m in Sources */ = {isa = PBXBuildFile; fileRef = 09C716911F70C10D00A3A337 /* ViewController.m */; };
		09C716951F70C10D00A3A337 /* Main.storyboard in Resources */ = {isa = PBXBuildFile; fileRef = 09C716931F70C10D00A3A337 /* Main.storyboard */; };
		09C716971F70C10D00A3A337 /* Assets.xcassets in Resources */ = {isa = PBXBuildFile; fileRef = 09C716961F70C10D00A3A337 /* Assets.xcassets */; };
		09C7169A1F70C10D00A3A337 /* LaunchScreen.storyboard in Resources */ = {isa = PBXBuildFile; fileRef = 09C716981F70C10D00A3A337 /* LaunchScreen.storyboard */; };
		09C716A41F70C16A00A3A337 /* SortHandle.m in Sources */ = {isa = PBXBuildFile; fileRef = 09C716A31F70C16A00A3A337 /* SortHandle.m */; };
		09C9AD291F7CCC85008E945F /* Topkk.m in Sources */ = {isa = PBXBuildFile; fileRef = 09C9AD281F7CCC85008E945F /* Topkk.m */; };
		09C9AD2C1F7CCFE8008E945F /* word.txt in Resources */ = {isa = PBXBuildFile; fileRef = 09C9AD2B1F7CCFE7008E945F /* word.txt */; };
		09DD4D781F7546790041EFCA /* Queue.m in Sources */ = {isa = PBXBuildFile; fileRef = 09DD4D771F7546790041EFCA /* Queue.m */; };
		09E01E9B1F76513F005D3594 /* addTwoNumbers.m in Sources */ = {isa = PBXBuildFile; fileRef = 09E01E9A1F76513F005D3594 /* addTwoNumbers.m */; };
		09E01E9F1F7657CD005D3594 /* mergeKSortedLists.m in Sources */ = {isa = PBXBuildFile; fileRef = 09E01E9E1F7657CD005D3594 /* mergeKSortedLists.m */; };
		09E01EA21F766051005D3594 /* isPalindrome.m in Sources */ = {isa = PBXBuildFile; fileRef = 09E01EA11F766051005D3594 /* isPalindrome.m */; };
		09E8193E1F8C96DB005EFBB6 /* File.js in Resources */ = {isa = PBXBuildFile; fileRef = 09E8193D1F8C96DB005EFBB6 /* File.js */; };
		09E819421F8CB9DF005EFBB6 /* block.c in Sources */ = {isa = PBXBuildFile; fileRef = 09E819401F8CB9DF005EFBB6 /* block.c */; };
		09E819441F8CBA24005EFBB6 /* block.cpp in Sources */ = {isa = PBXBuildFile; fileRef = 09E819431F8CBA24005EFBB6 /* block.cpp */; };
		09E819471F8CD351005EFBB6 /* BinarySearch.m in Sources */ = {isa = PBXBuildFile; fileRef = 09BB313B1F75167100634517 /* BinarySearch.m */; };
		09E819481F8CD351005EFBB6 /* Practice.m in Sources */ = {isa = PBXBuildFile; fileRef = 09BB31111F7500D300634517 /* Practice.m */; };
		09E819491F8CD351005EFBB6 /* HightlightBinaryTree.m in Sources */ = {isa = PBXBuildFile; fileRef = 09848B0E1F7A63A700C8F54E /* HightlightBinaryTree.m */; };
		09E8194A1F8CD351005EFBB6 /* Topkk.m in Sources */ = {isa = PBXBuildFile; fileRef = 09C9AD281F7CCC85008E945F /* Topkk.m */; };
		09E8194B1F8CD351005EFBB6 /* MergeSort.m in Sources */ = {isa = PBXBuildFile; fileRef = 0988CC541F73532700ED50B4 /* MergeSort.m */; };
		09E8194C1F8CD351005EFBB6 /* Trie.m in Sources */ = {isa = PBXBuildFile; fileRef = 09263ADF1F7B8EEC003C5911 /* Trie.m */; };
		09E8194D1F8CD351005EFBB6 /* ViewController.m in Sources */ = {isa = PBXBuildFile; fileRef = 09C716911F70C10D00A3A337 /* ViewController.m */; };
		09E8194E1F8CD351005EFBB6 /* DynamicProgramming.m in Sources */ = {isa = PBXBuildFile; fileRef = 094D87121F8B4B2C00D00860 /* DynamicProgramming.m */; };
		09E8194F1F8CD351005EFBB6 /* LinkedList.m in Sources */ = {isa = PBXBuildFile; fileRef = 09BB310D1F74E67300634517 /* LinkedList.m */; };
		09E819501F8CD351005EFBB6 /* GreedyALG.m in Sources */ = {isa = PBXBuildFile; fileRef = 094D87151F8B803D00D00860 /* GreedyALG.m */; };
		09E819511F8CD351005EFBB6 /* block.cpp in Sources */ = {isa = PBXBuildFile; fileRef = 09E819431F8CBA24005EFBB6 /* block.cpp */; };
		09E819521F8CD351005EFBB6 /* Queue.m in Sources */ = {isa = PBXBuildFile; fileRef = 09DD4D771F7546790041EFCA /* Queue.m */; };
		09E819531F8CD351005EFBB6 /* HeapSort.m in Sources */ = {isa = PBXBuildFile; fileRef = 09C63E5B1F7272D900EABCAF /* HeapSort.m */; };
		09E819541F8CD351005EFBB6 /* AppDelegate.m in Sources */ = {isa = PBXBuildFile; fileRef = 09C7168E1F70C10D00A3A337 /* AppDelegate.m */; };
		09E819551F8CD351005EFBB6 /* isPalindrome.m in Sources */ = {isa = PBXBuildFile; fileRef = 09E01EA11F766051005D3594 /* isPalindrome.m */; };
		09E819561F8CD351005EFBB6 /* mergeKSortedLists.m in Sources */ = {isa = PBXBuildFile; fileRef = 09E01E9E1F7657CD005D3594 /* mergeKSortedLists.m */; };
		09E819581F8CD351005EFBB6 /* main.m in Sources */ = {isa = PBXBuildFile; fileRef = 09C7168B1F70C10D00A3A337 /* main.m */; };
		09E819591F8CD351005EFBB6 /* addTwoNumbers.m in Sources */ = {isa = PBXBuildFile; fileRef = 09E01E9A1F76513F005D3594 /* addTwoNumbers.m */; };
		09E8195A1F8CD351005EFBB6 /* Graph.m in Sources */ = {isa = PBXBuildFile; fileRef = 098F56C41F7F7F6400234CFA /* Graph.m */; };
		09E8195B1F8CD351005EFBB6 /* ShellSort.m in Sources */ = {isa = PBXBuildFile; fileRef = 09C010CA1F739CE9007BB39C /* ShellSort.m */; };
		09E8195C1F8CD351005EFBB6 /* SortHandle.m in Sources */ = {isa = PBXBuildFile; fileRef = 09C716A31F70C16A00A3A337 /* SortHandle.m */; };
		09E8195D1F8CD351005EFBB6 /* block.c in Sources */ = {isa = PBXBuildFile; fileRef = 09E819401F8CB9DF005EFBB6 /* block.c */; };
		09E819601F8CD351005EFBB6 /* LaunchScreen.storyboard in Resources */ = {isa = PBXBuildFile; fileRef = 09C716981F70C10D00A3A337 /* LaunchScreen.storyboard */; };
		09E819611F8CD351005EFBB6 /* Assets.xcassets in Resources */ = {isa = PBXBuildFile; fileRef = 09C716961F70C10D00A3A337 /* Assets.xcassets */; };
		09E819621F8CD351005EFBB6 /* word.txt in Resources */ = {isa = PBXBuildFile; fileRef = 09C9AD2B1F7CCFE7008E945F /* word.txt */; };
		09E819631F8CD351005EFBB6 /* Main.storyboard in Resources */ = {isa = PBXBuildFile; fileRef = 09C716931F70C10D00A3A337 /* Main.storyboard */; };
		09E819641F8CD351005EFBB6 /* File.js in Resources */ = {isa = PBXBuildFile; fileRef = 09E8193D1F8C96DB005EFBB6 /* File.js */; };
		09E8196A1F8CD490005EFBB6 /* BinaryTree.m in Sources */ = {isa = PBXBuildFile; fileRef = 095FFF511F78DDC3000F6BA0 /* BinaryTree.m */; };
/* End PBXBuildFile section */

/* Begin PBXCopyFilesBuildPhase section */
		09DD4D9C1F7556D60041EFCA /* CopyFiles */ = {
			isa = PBXCopyFilesBuildPhase;
			buildActionMask = 2147483647;
			dstPath = /usr/share/man/man1/;
			dstSubfolderSpec = 0;
			files = (
			);
			runOnlyForDeploymentPostprocessing = 1;
		};
/* End PBXCopyFilesBuildPhase section */

/* Begin PBXFileReference section */
		0919C9F21F8DBDF900AC4DA3 /* Longest Palindromic Substring.h */ = {isa = PBXFileReference; lastKnownFileType = sourcecode.c.h; path = "Longest Palindromic Substring.h"; sourceTree = "<group>"; };
		0919C9F31F8DBDF900AC4DA3 /* Longest Palindromic Substring.m */ = {isa = PBXFileReference; lastKnownFileType = sourcecode.c.objc; path = "Longest Palindromic Substring.m"; sourceTree = "<group>"; };
		0919C9F51F8DEB1F00AC4DA3 /* Longest Substring Without Repeating Characters.h */ = {isa = PBXFileReference; lastKnownFileType = sourcecode.c.h; path = "Longest Substring Without Repeating Characters.h"; sourceTree = "<group>"; };
		0919C9F61F8DEB1F00AC4DA3 /* Longest Substring Without Repeating Characters.m */ = {isa = PBXFileReference; lastKnownFileType = sourcecode.c.objc; path = "Longest Substring Without Repeating Characters.m"; sourceTree = "<group>"; };
		0919C9F81F8DFBE900AC4DA3 /* String to Integer.h */ = {isa = PBXFileReference; lastKnownFileType = sourcecode.c.h; path = "String to Integer.h"; sourceTree = "<group>"; };
		0919C9F91F8DFBE900AC4DA3 /* String to Integer.m */ = {isa = PBXFileReference; lastKnownFileType = sourcecode.c.objc; path = "String to Integer.m"; sourceTree = "<group>"; };
		0919C9FB1F8E168200AC4DA3 /* Reverse Words in a String.h */ = {isa = PBXFileReference; lastKnownFileType = sourcecode.c.h; path = "Reverse Words in a String.h"; sourceTree = "<group>"; };
		0919C9FC1F8E168200AC4DA3 /* Reverse Words in a String.m */ = {isa = PBXFileReference; lastKnownFileType = sourcecode.c.objc; path = "Reverse Words in a String.m"; sourceTree = "<group>"; };
		0919C9FE1F8E1C5400AC4DA3 /* Full Permutation.h */ = {isa = PBXFileReference; lastKnownFileType = sourcecode.c.h; path = "Full Permutation.h"; sourceTree = "<group>"; };
		0919C9FF1F8E1C5400AC4DA3 /* Full Permutation.m */ = {isa = PBXFileReference; lastKnownFileType = sourcecode.c.objc; path = "Full Permutation.m"; sourceTree = "<group>"; };
		09263ADE1F7B8EEC003C5911 /* Trie.h */ = {isa = PBXFileReference; lastKnownFileType = sourcecode.c.h; path = Trie.h; sourceTree = "<group>"; };
		09263ADF1F7B8EEC003C5911 /* Trie.m */ = {isa = PBXFileReference; lastKnownFileType = sourcecode.c.objc; path = Trie.m; sourceTree = "<group>"; };
		093CD1671F946024008292A3 /* Two num.h */ = {isa = PBXFileReference; lastKnownFileType = sourcecode.c.h; path = "Two num.h"; sourceTree = "<group>"; };
		093CD1681F946024008292A3 /* Two num.m */ = {isa = PBXFileReference; lastKnownFileType = sourcecode.c.objc; path = "Two num.m"; sourceTree = "<group>"; };
		093CD16A1F948D18008292A3 /* Roman To  Int.h */ = {isa = PBXFileReference; lastKnownFileType = sourcecode.c.h; path = "Roman To  Int.h"; sourceTree = "<group>"; };
		093CD16B1F948D18008292A3 /* Roman To  Int.m */ = {isa = PBXFileReference; lastKnownFileType = sourcecode.c.objc; path = "Roman To  Int.m"; sourceTree = "<group>"; };
		093CD1701F9490B4008292A3 /* _3Num.h */ = {isa = PBXFileReference; lastKnownFileType = sourcecode.c.h; path = _3Num.h; sourceTree = "<group>"; };
		093CD1711F9490B4008292A3 /* _3Num.m */ = {isa = PBXFileReference; lastKnownFileType = sourcecode.c.objc; path = _3Num.m; sourceTree = "<group>"; };
		093CD1731F949FEE008292A3 /* Valid Parentheses.h */ = {isa = PBXFileReference; lastKnownFileType = sourcecode.c.h; path = "Valid Parentheses.h"; sourceTree = "<group>"; };
		093CD1741F949FEE008292A3 /* Valid Parentheses.m */ = {isa = PBXFileReference; lastKnownFileType = sourcecode.c.objc; path = "Valid Parentheses.m"; sourceTree = "<group>"; };
		093CD1761F94ADDF008292A3 /* Generate Parentheses.h */ = {isa = PBXFileReference; lastKnownFileType = sourcecode.c.h; path = "Generate Parentheses.h"; sourceTree = "<group>"; };
		093CD1771F94ADDF008292A3 /* Generate Parentheses.m */ = {isa = PBXFileReference; lastKnownFileType = sourcecode.c.objc; path = "Generate Parentheses.m"; sourceTree = "<group>"; };
		094D87111F8B4B2C00D00860 /* DynamicProgramming.h */ = {isa = PBXFileReference; lastKnownFileType = sourcecode.c.h; path = DynamicProgramming.h; sourceTree = "<group>"; };
		094D87121F8B4B2C00D00860 /* DynamicProgramming.m */ = {isa = PBXFileReference; lastKnownFileType = sourcecode.c.objc; path = DynamicProgramming.m; sourceTree = "<group>"; };
		094D87141F8B803D00D00860 /* GreedyALG.h */ = {isa = PBXFileReference; lastKnownFileType = sourcecode.c.h; path = GreedyALG.h; sourceTree = "<group>"; };
		094D87151F8B803D00D00860 /* GreedyALG.m */ = {isa = PBXFileReference; lastKnownFileType = sourcecode.c.objc; path = GreedyALG.m; sourceTree = "<group>"; };
		095251321F933EC600C6989E /* TreeQuestion.h */ = {isa = PBXFileReference; lastKnownFileType = sourcecode.c.h; path = TreeQuestion.h; sourceTree = "<group>"; };
		095251331F933EC600C6989E /* TreeQuestion.m */ = {isa = PBXFileReference; lastKnownFileType = sourcecode.c.objc; path = TreeQuestion.m; sourceTree = "<group>"; };
		0957EF3C1F9092D000616B77 /* Find Num in Yang Array.h */ = {isa = PBXFileReference; lastKnownFileType = sourcecode.c.h; path = "Find Num in Yang Array.h"; sourceTree = "<group>"; };
		0957EF3D1F9092D000616B77 /* Find Num in Yang Array.m */ = {isa = PBXFileReference; lastKnownFileType = sourcecode.c.objc; path = "Find Num in Yang Array.m"; sourceTree = "<group>"; };
		0957EF3F1F909D4000616B77 /* Find more than half of the array number.h */ = {isa = PBXFileReference; lastKnownFileType = sourcecode.c.h; path = "Find more than half of the array number.h"; sourceTree = "<group>"; };
		0957EF401F909D4000616B77 /* Find more than half of the array number.m */ = {isa = PBXFileReference; lastKnownFileType = sourcecode.c.objc; path = "Find more than half of the array number.m"; sourceTree = "<group>"; };
		0957EF421F90A45E00616B77 /* Kth Largest Element in an Array.h */ = {isa = PBXFileReference; lastKnownFileType = sourcecode.c.h; path = "Kth Largest Element in an Array.h"; sourceTree = "<group>"; };
		0957EF431F90A45E00616B77 /* Kth Largest Element in an Array.m */ = {isa = PBXFileReference; lastKnownFileType = sourcecode.c.objc; path = "Kth Largest Element in an Array.m"; sourceTree = "<group>"; };
		0957EF451F90AC9300616B77 /* Find specific num count in Orderly array.h */ = {isa = PBXFileReference; lastKnownFileType = sourcecode.c.h; path = "Find specific num count in Orderly array.h"; sourceTree = "<group>"; };
		0957EF461F90AC9300616B77 /* Find specific num count in Orderly array.m */ = {isa = PBXFileReference; lastKnownFileType = sourcecode.c.objc; path = "Find specific num count in Orderly array.m"; sourceTree = "<group>"; };
		0957EF491F90C59F00616B77 /* LinklistQuestion.h */ = {isa = PBXFileReference; lastKnownFileType = sourcecode.c.h; path = LinklistQuestion.h; sourceTree = "<group>"; };
		0957EF4A1F90C59F00616B77 /* LinklistQuestion.m */ = {isa = PBXFileReference; lastKnownFileType = sourcecode.c.objc; path = LinklistQuestion.m; sourceTree = "<group>"; };
		095FFF501F78DDC3000F6BA0 /* BinaryTree.h */ = {isa = PBXFileReference; lastKnownFileType = sourcecode.c.h; path = BinaryTree.h; sourceTree = "<group>"; };
		095FFF511F78DDC3000F6BA0 /* BinaryTree.m */ = {isa = PBXFileReference; lastKnownFileType = sourcecode.c.objc; path = BinaryTree.m; sourceTree = "<group>"; };
		096948631F96344D00A8B8E1 /* Valid Palindrome.h */ = {isa = PBXFileReference; lastKnownFileType = sourcecode.c.h; path = "Valid Palindrome.h"; sourceTree = "<group>"; };
		096948641F96344D00A8B8E1 /* Valid Palindrome.m */ = {isa = PBXFileReference; lastKnownFileType = sourcecode.c.objc; path = "Valid Palindrome.m"; sourceTree = "<group>"; };
		096948661F963AB600A8B8E1 /* Palindrome Partitioning.h */ = {isa = PBXFileReference; lastKnownFileType = sourcecode.c.h; path = "Palindrome Partitioning.h"; sourceTree = "<group>"; };
		096948671F963AB600A8B8E1 /* Palindrome Partitioning.m */ = {isa = PBXFileReference; lastKnownFileType = sourcecode.c.objc; path = "Palindrome Partitioning.m"; sourceTree = "<group>"; };
		09848B0D1F7A63A600C8F54E /* HightlightBinaryTree.h */ = {isa = PBXFileReference; lastKnownFileType = sourcecode.c.h; path = HightlightBinaryTree.h; sourceTree = "<group>"; };
		09848B0E1F7A63A700C8F54E /* HightlightBinaryTree.m */ = {isa = PBXFileReference; lastKnownFileType = sourcecode.c.objc; path = HightlightBinaryTree.m; sourceTree = "<group>"; };
		0988CC531F73532600ED50B4 /* MergeSort.h */ = {isa = PBXFileReference; lastKnownFileType = sourcecode.c.h; path = MergeSort.h; sourceTree = "<group>"; };
		0988CC541F73532700ED50B4 /* MergeSort.m */ = {isa = PBXFileReference; lastKnownFileType = sourcecode.c.objc; path = MergeSort.m; sourceTree = "<group>"; };
		098F56C31F7F7F6400234CFA /* Graph.h */ = {isa = PBXFileReference; lastKnownFileType = sourcecode.c.h; path = Graph.h; sourceTree = "<group>"; };
		098F56C41F7F7F6400234CFA /* Graph.m */ = {isa = PBXFileReference; lastKnownFileType = sourcecode.c.objc; path = Graph.m; sourceTree = "<group>"; };
		0993C9C41F959842003E14F4 /* Implement strStr().h */ = {isa = PBXFileReference; lastKnownFileType = sourcecode.c.h; path = "Implement strStr().h"; sourceTree = "<group>"; };
		0993C9C51F959842003E14F4 /* Implement strStr().m */ = {isa = PBXFileReference; lastKnownFileType = sourcecode.c.objc; path = "Implement strStr().m"; sourceTree = "<group>"; };
		0993C9C71F95A0E6003E14F4 /* Group Anagrams.h */ = {isa = PBXFileReference; lastKnownFileType = sourcecode.c.h; path = "Group Anagrams.h"; sourceTree = "<group>"; };
		0993C9C81F95A0E6003E14F4 /* Group Anagrams.m */ = {isa = PBXFileReference; lastKnownFileType = sourcecode.c.objc; path = "Group Anagrams.m"; sourceTree = "<group>"; };
		0993C9CB1F95A6FA003E14F4 /* Pow(x, n).h */ = {isa = PBXFileReference; lastKnownFileType = sourcecode.c.h; path = "Pow(x, n).h"; sourceTree = "<group>"; };
		0993C9CC1F95A6FA003E14F4 /* Pow(x, n).m */ = {isa = PBXFileReference; lastKnownFileType = sourcecode.c.objc; path = "Pow(x, n).m"; sourceTree = "<group>"; };
		0993C9CE1F95B161003E14F4 /* Add Binary.h */ = {isa = PBXFileReference; lastKnownFileType = sourcecode.c.h; path = "Add Binary.h"; sourceTree = "<group>"; };
		0993C9CF1F95B161003E14F4 /* Add Binary.m */ = {isa = PBXFileReference; lastKnownFileType = sourcecode.c.objc; path = "Add Binary.m"; sourceTree = "<group>"; };
		0993C9D11F95D96D003E14F4 /* Set Matrix Zeroes.h */ = {isa = PBXFileReference; lastKnownFileType = sourcecode.c.h; path = "Set Matrix Zeroes.h"; sourceTree = "<group>"; };
		0993C9D21F95D96D003E14F4 /* Set Matrix Zeroes.m */ = {isa = PBXFileReference; lastKnownFileType = sourcecode.c.objc; path = "Set Matrix Zeroes.m"; sourceTree = "<group>"; };
		0993C9D41F95E7A2003E14F4 /* Combinations.h */ = {isa = PBXFileReference; lastKnownFileType = sourcecode.c.h; path = Combinations.h; sourceTree = "<group>"; };
		0993C9D51F95E7A2003E14F4 /* Combinations.m */ = {isa = PBXFileReference; lastKnownFileType = sourcecode.c.objc; path = Combinations.m; sourceTree = "<group>"; };
		0993C9D71F95F79E003E14F4 /* Word Search.h */ = {isa = PBXFileReference; lastKnownFileType = sourcecode.c.h; path = "Word Search.h"; sourceTree = "<group>"; };
		0993C9D81F95F79E003E14F4 /* Word Search.m */ = {isa = PBXFileReference; lastKnownFileType = sourcecode.c.objc; path = "Word Search.m"; sourceTree = "<group>"; };
		0993C9DA1F960640003E14F4 /* Decode Ways.h */ = {isa = PBXFileReference; lastKnownFileType = sourcecode.c.h; path = "Decode Ways.h"; sourceTree = "<group>"; };
		0993C9DB1F960640003E14F4 /* Decode Ways.m */ = {isa = PBXFileReference; lastKnownFileType = sourcecode.c.objc; path = "Decode Ways.m"; sourceTree = "<group>"; };
		0994EB371F8F32F100FDD5E5 /* Maximum Subarray.h */ = {isa = PBXFileReference; lastKnownFileType = sourcecode.c.h; path = "Maximum Subarray.h"; sourceTree = "<group>"; };
		0994EB381F8F32F100FDD5E5 /* Maximum Subarray.m */ = {isa = PBXFileReference; lastKnownFileType = sourcecode.c.objc; path = "Maximum Subarray.m"; sourceTree = "<group>"; };
		0994EB3A1F8F447A00FDD5E5 /* Regular Expression Matching.h */ = {isa = PBXFileReference; lastKnownFileType = sourcecode.c.h; path = "Regular Expression Matching.h"; sourceTree = "<group>"; };
		0994EB3B1F8F447A00FDD5E5 /* Regular Expression Matching.m */ = {isa = PBXFileReference; lastKnownFileType = sourcecode.c.objc; path = "Regular Expression Matching.m"; sourceTree = "<group>"; };
		0994EB3E1F8F66C000FDD5E5 /* Two sorted array Median.h */ = {isa = PBXFileReference; lastKnownFileType = sourcecode.c.h; path = "Two sorted array Median.h"; sourceTree = "<group>"; };
		0994EB3F1F8F66C000FDD5E5 /* Two sorted array Median.m */ = {isa = PBXFileReference; lastKnownFileType = sourcecode.c.objc; path = "Two sorted array Median.m"; sourceTree = "<group>"; };
		0994EB411F8F6E6800FDD5E5 /* Find Minimum in Rotated Sorted Array.h */ = {isa = PBXFileReference; lastKnownFileType = sourcecode.c.h; path = "Find Minimum in Rotated Sorted Array.h"; sourceTree = "<group>"; };
		0994EB421F8F6E6800FDD5E5 /* Find Minimum in Rotated Sorted Array.m */ = {isa = PBXFileReference; lastKnownFileType = sourcecode.c.objc; path = "Find Minimum in Rotated Sorted Array.m"; sourceTree = "<group>"; };
		09BB310C1F74E67300634517 /* LinkedList.h */ = {isa = PBXFileReference; lastKnownFileType = sourcecode.c.h; path = LinkedList.h; sourceTree = "<group>"; };
		09BB310D1F74E67300634517 /* LinkedList.m */ = {isa = PBXFileReference; lastKnownFileType = sourcecode.c.objc; path = LinkedList.m; sourceTree = "<group>"; };
		09BB31101F7500D300634517 /* Practice.h */ = {isa = PBXFileReference; lastKnownFileType = sourcecode.c.h; path = Practice.h; sourceTree = "<group>"; };
		09BB31111F7500D300634517 /* Practice.m */ = {isa = PBXFileReference; lastKnownFileType = sourcecode.c.objc; path = Practice.m; sourceTree = "<group>"; };
		09BB313A1F75167100634517 /* BinarySearch.h */ = {isa = PBXFileReference; lastKnownFileType = sourcecode.c.h; path = BinarySearch.h; sourceTree = "<group>"; };
		09BB313B1F75167100634517 /* BinarySearch.m */ = {isa = PBXFileReference; lastKnownFileType = sourcecode.c.objc; path = BinarySearch.m; sourceTree = "<group>"; };
		09C010C91F739CE9007BB39C /* ShellSort.h */ = {isa = PBXFileReference; lastKnownFileType = sourcecode.c.h; path = ShellSort.h; sourceTree = "<group>"; };
		09C010CA1F739CE9007BB39C /* ShellSort.m */ = {isa = PBXFileReference; lastKnownFileType = sourcecode.c.objc; path = ShellSort.m; sourceTree = "<group>"; };
		09C63E5A1F7272D900EABCAF /* HeapSort.h */ = {isa = PBXFileReference; fileEncoding = 4; lastKnownFileType = sourcecode.c.h; path = HeapSort.h; sourceTree = "<group>"; };
		09C63E5B1F7272D900EABCAF /* HeapSort.m */ = {isa = PBXFileReference; fileEncoding = 4; lastKnownFileType = sourcecode.c.objc; path = HeapSort.m; sourceTree = "<group>"; };
		09C716871F70C10D00A3A337 /* ALG.app */ = {isa = PBXFileReference; explicitFileType = wrapper.application; includeInIndex = 0; path = ALG.app; sourceTree = BUILT_PRODUCTS_DIR; };
		09C7168B1F70C10D00A3A337 /* main.m */ = {isa = PBXFileReference; lastKnownFileType = sourcecode.c.objc; path = main.m; sourceTree = "<group>"; };
		09C7168D1F70C10D00A3A337 /* AppDelegate.h */ = {isa = PBXFileReference; lastKnownFileType = sourcecode.c.h; path = AppDelegate.h; sourceTree = "<group>"; };
		09C7168E1F70C10D00A3A337 /* AppDelegate.m */ = {isa = PBXFileReference; lastKnownFileType = sourcecode.c.objc; path = AppDelegate.m; sourceTree = "<group>"; };
		09C716901F70C10D00A3A337 /* ViewController.h */ = {isa = PBXFileReference; lastKnownFileType = sourcecode.c.h; path = ViewController.h; sourceTree = "<group>"; };
		09C716911F70C10D00A3A337 /* ViewController.m */ = {isa = PBXFileReference; lastKnownFileType = sourcecode.c.objc; path = ViewController.m; sourceTree = "<group>"; };
		09C716941F70C10D00A3A337 /* Base */ = {isa = PBXFileReference; lastKnownFileType = file.storyboard; name = Base; path = Base.lproj/Main.storyboard; sourceTree = "<group>"; };
		09C716961F70C10D00A3A337 /* Assets.xcassets */ = {isa = PBXFileReference; lastKnownFileType = folder.assetcatalog; path = Assets.xcassets; sourceTree = "<group>"; };
		09C716991F70C10D00A3A337 /* Base */ = {isa = PBXFileReference; lastKnownFileType = file.storyboard; name = Base; path = Base.lproj/LaunchScreen.storyboard; sourceTree = "<group>"; };
		09C7169B1F70C10D00A3A337 /* Info.plist */ = {isa = PBXFileReference; lastKnownFileType = text.plist.xml; path = Info.plist; sourceTree = "<group>"; };
		09C716A21F70C16A00A3A337 /* SortHandle.h */ = {isa = PBXFileReference; fileEncoding = 4; lastKnownFileType = sourcecode.c.h; path = SortHandle.h; sourceTree = "<group>"; };
		09C716A31F70C16A00A3A337 /* SortHandle.m */ = {isa = PBXFileReference; fileEncoding = 4; lastKnownFileType = sourcecode.c.objc; path = SortHandle.m; sourceTree = "<group>"; };
		09C9AD271F7CCC85008E945F /* Topkk.h */ = {isa = PBXFileReference; lastKnownFileType = sourcecode.c.h; path = Topkk.h; sourceTree = "<group>"; };
		09C9AD281F7CCC85008E945F /* Topkk.m */ = {isa = PBXFileReference; lastKnownFileType = sourcecode.c.objc; path = Topkk.m; sourceTree = "<group>"; };
		09C9AD2B1F7CCFE7008E945F /* word.txt */ = {isa = PBXFileReference; fileEncoding = 4; lastKnownFileType = text; path = word.txt; sourceTree = "<group>"; };
		09DD4D761F7546790041EFCA /* Queue.h */ = {isa = PBXFileReference; lastKnownFileType = sourcecode.c.h; path = Queue.h; sourceTree = "<group>"; };
		09DD4D771F7546790041EFCA /* Queue.m */ = {isa = PBXFileReference; lastKnownFileType = sourcecode.c.objc; path = Queue.m; sourceTree = "<group>"; };
		09DD4D9E1F7556D60041EFCA /* StackQueue */ = {isa = PBXFileReference; explicitFileType = "compiled.mach-o.executable"; includeInIndex = 0; path = StackQueue; sourceTree = BUILT_PRODUCTS_DIR; };
		09E01E9A1F76513F005D3594 /* addTwoNumbers.m */ = {isa = PBXFileReference; lastKnownFileType = sourcecode.c.objc; path = addTwoNumbers.m; sourceTree = "<group>"; };
		09E01E9C1F765612005D3594 /* addTwoNumbers.h */ = {isa = PBXFileReference; lastKnownFileType = sourcecode.c.h; path = addTwoNumbers.h; sourceTree = "<group>"; };
		09E01E9D1F7657CD005D3594 /* mergeKSortedLists.h */ = {isa = PBXFileReference; lastKnownFileType = sourcecode.c.h; path = mergeKSortedLists.h; sourceTree = "<group>"; };
		09E01E9E1F7657CD005D3594 /* mergeKSortedLists.m */ = {isa = PBXFileReference; lastKnownFileType = sourcecode.c.objc; path = mergeKSortedLists.m; sourceTree = "<group>"; };
		09E01EA01F766051005D3594 /* isPalindrome.h */ = {isa = PBXFileReference; lastKnownFileType = sourcecode.c.h; path = isPalindrome.h; sourceTree = "<group>"; };
		09E01EA11F766051005D3594 /* isPalindrome.m */ = {isa = PBXFileReference; lastKnownFileType = sourcecode.c.objc; path = isPalindrome.m; sourceTree = "<group>"; };
		09E8193D1F8C96DB005EFBB6 /* File.js */ = {isa = PBXFileReference; explicitFileType = sourcecode.javascript; path = File.js; sourceTree = "<group>"; };
		09E819401F8CB9DF005EFBB6 /* block.c */ = {isa = PBXFileReference; lastKnownFileType = sourcecode.c.c; path = block.c; sourceTree = "<group>"; };
		09E819411F8CB9DF005EFBB6 /* block.h */ = {isa = PBXFileReference; lastKnownFileType = sourcecode.c.h; path = block.h; sourceTree = "<group>"; };
		09E819431F8CBA24005EFBB6 /* block.cpp */ = {isa = PBXFileReference; fileEncoding = 4; lastKnownFileType = sourcecode.cpp.cpp; path = block.cpp; sourceTree = "<group>"; };
		09E819681F8CD351005EFBB6 /* ALG copy.app */ = {isa = PBXFileReference; explicitFileType = wrapper.application; includeInIndex = 0; path = "ALG copy.app"; sourceTree = BUILT_PRODUCTS_DIR; };
		09E819691F8CD352005EFBB6 /* ALG copy-Info.plist */ = {isa = PBXFileReference; lastKnownFileType = text.plist.xml; name = "ALG copy-Info.plist"; path = "/Users/Jincc/Desktop/Github/ALG/ALG copy-Info.plist"; sourceTree = "<absolute>"; };
/* End PBXFileReference section */

/* Begin PBXFrameworksBuildPhase section */
		09BB312B1F75046600634517 /* Frameworks */ = {
			isa = PBXFrameworksBuildPhase;
			buildActionMask = 2147483647;
			files = (
			);
			runOnlyForDeploymentPostprocessing = 0;
		};
		09C716841F70C10D00A3A337 /* Frameworks */ = {
			isa = PBXFrameworksBuildPhase;
			buildActionMask = 2147483647;
			files = (
			);
			runOnlyForDeploymentPostprocessing = 0;
		};
		09DD4D9B1F7556D60041EFCA /* Frameworks */ = {
			isa = PBXFrameworksBuildPhase;
			buildActionMask = 2147483647;
			files = (
			);
			runOnlyForDeploymentPostprocessing = 0;
		};
		09E8195E1F8CD351005EFBB6 /* Frameworks */ = {
			isa = PBXFrameworksBuildPhase;
			buildActionMask = 2147483647;
			files = (
			);
			runOnlyForDeploymentPostprocessing = 0;
		};
/* End PBXFrameworksBuildPhase section */

/* Begin PBXGroup section */
		0919C9F11F8DBD5400AC4DA3 /* string */ = {
			isa = PBXGroup;
			children = (
				0919C9F21F8DBDF900AC4DA3 /* Longest Palindromic Substring.h */,
				0919C9F31F8DBDF900AC4DA3 /* Longest Palindromic Substring.m */,
				0919C9F51F8DEB1F00AC4DA3 /* Longest Substring Without Repeating Characters.h */,
				0919C9F61F8DEB1F00AC4DA3 /* Longest Substring Without Repeating Characters.m */,
				0919C9F81F8DFBE900AC4DA3 /* String to Integer.h */,
				0919C9F91F8DFBE900AC4DA3 /* String to Integer.m */,
				0919C9FB1F8E168200AC4DA3 /* Reverse Words in a String.h */,
				0919C9FC1F8E168200AC4DA3 /* Reverse Words in a String.m */,
				0919C9FE1F8E1C5400AC4DA3 /* Full Permutation.h */,
				0919C9FF1F8E1C5400AC4DA3 /* Full Permutation.m */,
				093CD16A1F948D18008292A3 /* Roman To  Int.h */,
				093CD16B1F948D18008292A3 /* Roman To  Int.m */,
				093CD1731F949FEE008292A3 /* Valid Parentheses.h */,
				093CD1741F949FEE008292A3 /* Valid Parentheses.m */,
				093CD1761F94ADDF008292A3 /* Generate Parentheses.h */,
				093CD1771F94ADDF008292A3 /* Generate Parentheses.m */,
				0993C9C41F959842003E14F4 /* Implement strStr().h */,
				0993C9C51F959842003E14F4 /* Implement strStr().m */,
				0993C9DA1F960640003E14F4 /* Decode Ways.h */,
				0993C9DB1F960640003E14F4 /* Decode Ways.m */,
				096948631F96344D00A8B8E1 /* Valid Palindrome.h */,
				096948641F96344D00A8B8E1 /* Valid Palindrome.m */,
				096948661F963AB600A8B8E1 /* Palindrome Partitioning.h */,
				096948671F963AB600A8B8E1 /* Palindrome Partitioning.m */,
			);
			path = string;
			sourceTree = "<group>";
		};
		094D87101F8B4B0100D00860 /* algorithm */ = {
			isa = PBXGroup;
			children = (
				094D87111F8B4B2C00D00860 /* DynamicProgramming.h */,
				094D87121F8B4B2C00D00860 /* DynamicProgramming.m */,
				094D87141F8B803D00D00860 /* GreedyALG.h */,
				094D87151F8B803D00D00860 /* GreedyALG.m */,
			);
			path = algorithm;
			sourceTree = "<group>";
		};
		095251311F93366200C6989E /* tree */ = {
			isa = PBXGroup;
			children = (
				095251321F933EC600C6989E /* TreeQuestion.h */,
				095251331F933EC600C6989E /* TreeQuestion.m */,
			);
			path = tree;
			sourceTree = "<group>";
		};
		0957EF481F90C1D900616B77 /* Link list */ = {
			isa = PBXGroup;
			children = (
				0957EF491F90C59F00616B77 /* LinklistQuestion.h */,
				0957EF4A1F90C59F00616B77 /* LinklistQuestion.m */,
			);
			path = "Link list";
			sourceTree = "<group>";
		};
		095FFF4F1F78DD89000F6BA0 /* 二叉树 */ = {
			isa = PBXGroup;
			children = (
				095FFF501F78DDC3000F6BA0 /* BinaryTree.h */,
				095FFF511F78DDC3000F6BA0 /* BinaryTree.m */,
				09848B0D1F7A63A600C8F54E /* HightlightBinaryTree.h */,
				09848B0E1F7A63A700C8F54E /* HightlightBinaryTree.m */,
				09263ADE1F7B8EEC003C5911 /* Trie.h */,
				09263ADF1F7B8EEC003C5911 /* Trie.m */,
			);
			path = "二叉树";
			sourceTree = "<group>";
		};
		098F56C21F7F7F2C00234CFA /* 图 */ = {
			isa = PBXGroup;
			children = (
				098F56C31F7F7F6400234CFA /* Graph.h */,
				098F56C41F7F7F6400234CFA /* Graph.m */,
			);
			path = "图";
			sourceTree = "<group>";
		};
		0993C9CA1F95A6EE003E14F4 /* other */ = {
			isa = PBXGroup;
			children = (
				0993C9CB1F95A6FA003E14F4 /* Pow(x, n).h */,
				0993C9CC1F95A6FA003E14F4 /* Pow(x, n).m */,
				0993C9CE1F95B161003E14F4 /* Add Binary.h */,
				0993C9CF1F95B161003E14F4 /* Add Binary.m */,
				0993C9D41F95E7A2003E14F4 /* Combinations.h */,
				0993C9D51F95E7A2003E14F4 /* Combinations.m */,
			);
			path = other;
			sourceTree = "<group>";
		};
		0994EB361F8F32AD00FDD5E5 /* DynamicProgramming */ = {
			isa = PBXGroup;
			children = (
				0994EB371F8F32F100FDD5E5 /* Maximum Subarray.h */,
				0994EB381F8F32F100FDD5E5 /* Maximum Subarray.m */,
				0994EB3A1F8F447A00FDD5E5 /* Regular Expression Matching.h */,
				0994EB3B1F8F447A00FDD5E5 /* Regular Expression Matching.m */,
			);
			path = DynamicProgramming;
			sourceTree = "<group>";
		};
		0994EB3D1F8F669700FDD5E5 /* array */ = {
			isa = PBXGroup;
			children = (
				0994EB3E1F8F66C000FDD5E5 /* Two sorted array Median.h */,
				0994EB3F1F8F66C000FDD5E5 /* Two sorted array Median.m */,
				0994EB411F8F6E6800FDD5E5 /* Find Minimum in Rotated Sorted Array.h */,
				0994EB421F8F6E6800FDD5E5 /* Find Minimum in Rotated Sorted Array.m */,
				0957EF3C1F9092D000616B77 /* Find Num in Yang Array.h */,
				0957EF3D1F9092D000616B77 /* Find Num in Yang Array.m */,
				0957EF3F1F909D4000616B77 /* Find more than half of the array number.h */,
				0957EF401F909D4000616B77 /* Find more than half of the array number.m */,
				0957EF421F90A45E00616B77 /* Kth Largest Element in an Array.h */,
				0957EF431F90A45E00616B77 /* Kth Largest Element in an Array.m */,
				0957EF451F90AC9300616B77 /* Find specific num count in Orderly array.h */,
				0957EF461F90AC9300616B77 /* Find specific num count in Orderly array.m */,
				093CD1671F946024008292A3 /* Two num.h */,
				093CD1681F946024008292A3 /* Two num.m */,
				093CD1701F9490B4008292A3 /* _3Num.h */,
				093CD1711F9490B4008292A3 /* _3Num.m */,
				0993C9C71F95A0E6003E14F4 /* Group Anagrams.h */,
				0993C9C81F95A0E6003E14F4 /* Group Anagrams.m */,
				0993C9D11F95D96D003E14F4 /* Set Matrix Zeroes.h */,
				0993C9D21F95D96D003E14F4 /* Set Matrix Zeroes.m */,
				0993C9D71F95F79E003E14F4 /* Word Search.h */,
				0993C9D81F95F79E003E14F4 /* Word Search.m */,
			);
			path = array;
			sourceTree = "<group>";
		};
		09BB31071F74E24900634517 /* 数据结构 */ = {
			isa = PBXGroup;
			children = (
				098F56C21F7F7F2C00234CFA /* 图 */,
				095FFF4F1F78DD89000F6BA0 /* 二叉树 */,
				09DD4D791F754C0B0041EFCA /* 栈 */,
				09BB310F1F75007100634517 /* 队列 */,
				09BB31081F74E26600634517 /* 线性表 */,
			);
			path = "数据结构";
			sourceTree = "<group>";
		};
		09BB31081F74E26600634517 /* 线性表 */ = {
			isa = PBXGroup;
			children = (
				09BB310C1F74E67300634517 /* LinkedList.h */,
				09BB310D1F74E67300634517 /* LinkedList.m */,
				09E01E9C1F765612005D3594 /* addTwoNumbers.h */,
				09E01E9A1F76513F005D3594 /* addTwoNumbers.m */,
				09E01E9D1F7657CD005D3594 /* mergeKSortedLists.h */,
				09E01E9E1F7657CD005D3594 /* mergeKSortedLists.m */,
				09E01EA01F766051005D3594 /* isPalindrome.h */,
				09E01EA11F766051005D3594 /* isPalindrome.m */,
			);
			path = "线性表";
			sourceTree = "<group>";
		};
		09BB310F1F75007100634517 /* 队列 */ = {
			isa = PBXGroup;
			children = (
				09DD4D761F7546790041EFCA /* Queue.h */,
				09DD4D771F7546790041EFCA /* Queue.m */,
			);
			path = "队列";
			sourceTree = "<group>";
		};
		09C7167E1F70C10D00A3A337 = {
			isa = PBXGroup;
			children = (
				09C716891F70C10D00A3A337 /* ALG */,
				09C716881F70C10D00A3A337 /* Products */,
				09E819691F8CD352005EFBB6 /* ALG copy-Info.plist */,
			);
			sourceTree = "<group>";
		};
		09C716881F70C10D00A3A337 /* Products */ = {
			isa = PBXGroup;
			children = (
				09C716871F70C10D00A3A337 /* ALG.app */,
				09DD4D9E1F7556D60041EFCA /* StackQueue */,
				09E819681F8CD351005EFBB6 /* ALG copy.app */,
			);
			name = Products;
			sourceTree = "<group>";
		};
		09C716891F70C10D00A3A337 /* ALG */ = {
			isa = PBXGroup;
			children = (
				09C9AD2B1F7CCFE7008E945F /* word.txt */,
				09E8193D1F8C96DB005EFBB6 /* File.js */,
				0993C9CA1F95A6EE003E14F4 /* other */,
				095251311F93366200C6989E /* tree */,
				0957EF481F90C1D900616B77 /* Link list */,
				0994EB3D1F8F669700FDD5E5 /* array */,
				0994EB361F8F32AD00FDD5E5 /* DynamicProgramming */,
				0919C9F11F8DBD5400AC4DA3 /* string */,
				09E8193F1F8CB9B7005EFBB6 /* block */,
				094D87101F8B4B0100D00860 /* algorithm */,
				09BB31071F74E24900634517 /* 数据结构 */,
				09C716A11F70C14100A3A337 /* sort */,
				09C7168D1F70C10D00A3A337 /* AppDelegate.h */,
				09C7168E1F70C10D00A3A337 /* AppDelegate.m */,
				09BB31101F7500D300634517 /* Practice.h */,
				09BB31111F7500D300634517 /* Practice.m */,
				09C716901F70C10D00A3A337 /* ViewController.h */,
				09C716911F70C10D00A3A337 /* ViewController.m */,
				09C9AD271F7CCC85008E945F /* Topkk.h */,
				09C9AD281F7CCC85008E945F /* Topkk.m */,
				09C716931F70C10D00A3A337 /* Main.storyboard */,
				09C716961F70C10D00A3A337 /* Assets.xcassets */,
				09C716981F70C10D00A3A337 /* LaunchScreen.storyboard */,
				09C7169B1F70C10D00A3A337 /* Info.plist */,
				09C7168A1F70C10D00A3A337 /* Supporting Files */,
			);
			path = ALG;
			sourceTree = "<group>";
		};
		09C7168A1F70C10D00A3A337 /* Supporting Files */ = {
			isa = PBXGroup;
			children = (
				09C7168B1F70C10D00A3A337 /* main.m */,
			);
			name = "Supporting Files";
			sourceTree = "<group>";
		};
		09C716A11F70C14100A3A337 /* sort */ = {
			isa = PBXGroup;
			children = (
				09C716A21F70C16A00A3A337 /* SortHandle.h */,
				09C716A31F70C16A00A3A337 /* SortHandle.m */,
				09C63E5A1F7272D900EABCAF /* HeapSort.h */,
				09C63E5B1F7272D900EABCAF /* HeapSort.m */,
				0988CC531F73532600ED50B4 /* MergeSort.h */,
				0988CC541F73532700ED50B4 /* MergeSort.m */,
				09C010C91F739CE9007BB39C /* ShellSort.h */,
				09C010CA1F739CE9007BB39C /* ShellSort.m */,
				09BB313A1F75167100634517 /* BinarySearch.h */,
				09BB313B1F75167100634517 /* BinarySearch.m */,
			);
			path = sort;
			sourceTree = "<group>";
		};
		09DD4D791F754C0B0041EFCA /* 栈 */ = {
			isa = PBXGroup;
			children = (
			);
			path = "栈";
			sourceTree = "<group>";
		};
		09E8193F1F8CB9B7005EFBB6 /* block */ = {
			isa = PBXGroup;
			children = (
				09E819431F8CBA24005EFBB6 /* block.cpp */,
				09E819401F8CB9DF005EFBB6 /* block.c */,
				09E819411F8CB9DF005EFBB6 /* block.h */,
			);
			path = block;
			sourceTree = "<group>";
		};
/* End PBXGroup section */

/* Begin PBXNativeTarget section */
		09BB312D1F75046600634517 /* queue */ = {
			isa = PBXNativeTarget;
			buildConfigurationList = 09BB31371F75046700634517 /* Build configuration list for PBXNativeTarget "queue" */;
			buildPhases = (
				09BB312A1F75046600634517 /* Sources */,
				09BB312B1F75046600634517 /* Frameworks */,
				09BB312C1F75046600634517 /* ShellScript */,
			);
			buildRules = (
			);
			dependencies = (
			);
			name = queue;
			productName = queue;
			productType = "com.apple.product-type.tool";
		};
		09C716861F70C10D00A3A337 /* ALG */ = {
			isa = PBXNativeTarget;
			buildConfigurationList = 09C7169E1F70C10D00A3A337 /* Build configuration list for PBXNativeTarget "ALG" */;
			buildPhases = (
				09C716831F70C10D00A3A337 /* Sources */,
				09C716841F70C10D00A3A337 /* Frameworks */,
				09C716851F70C10D00A3A337 /* Resources */,
			);
			buildRules = (
			);
			dependencies = (
			);
			name = ALG;
			productName = ALG;
			productReference = 09C716871F70C10D00A3A337 /* ALG.app */;
			productType = "com.apple.product-type.application";
		};
		09DD4D9D1F7556D60041EFCA /* StackQueue */ = {
			isa = PBXNativeTarget;
			buildConfigurationList = 09DD4DA21F7556D60041EFCA /* Build configuration list for PBXNativeTarget "StackQueue" */;
			buildPhases = (
				09DD4D9A1F7556D60041EFCA /* Sources */,
				09DD4D9B1F7556D60041EFCA /* Frameworks */,
				09DD4D9C1F7556D60041EFCA /* CopyFiles */,
			);
			buildRules = (
			);
			dependencies = (
			);
			name = StackQueue;
			productName = StackQueue;
			productReference = 09DD4D9E1F7556D60041EFCA /* StackQueue */;
			productType = "com.apple.product-type.tool";
		};
		09E819451F8CD351005EFBB6 /* ALG copy */ = {
			isa = PBXNativeTarget;
			buildConfigurationList = 09E819651F8CD351005EFBB6 /* Build configuration list for PBXNativeTarget "ALG copy" */;
			buildPhases = (
				09E819461F8CD351005EFBB6 /* Sources */,
				09E8195E1F8CD351005EFBB6 /* Frameworks */,
				09E8195F1F8CD351005EFBB6 /* Resources */,
			);
			buildRules = (
			);
			dependencies = (
			);
			name = "ALG copy";
			productName = ALG;
			productReference = 09E819681F8CD351005EFBB6 /* ALG copy.app */;
			productType = "com.apple.product-type.application";
		};
/* End PBXNativeTarget section */

/* Begin PBXProject section */
		09C7167F1F70C10D00A3A337 /* Project object */ = {
			isa = PBXProject;
			attributes = {
				LastUpgradeCheck = 0830;
				ORGANIZATIONNAME = Jincc;
				TargetAttributes = {
					09BB312D1F75046600634517 = {
						CreatedOnToolsVersion = 9.0;
						ProvisioningStyle = Automatic;
					};
					09C716861F70C10D00A3A337 = {
						CreatedOnToolsVersion = 8.3.3;
						DevelopmentTeam = K78T9LD5UA;
						ProvisioningStyle = Automatic;
					};
					09DD4D9D1F7556D60041EFCA = {
						CreatedOnToolsVersion = 9.0;
						ProvisioningStyle = Automatic;
					};
					09E819451F8CD351005EFBB6 = {
						DevelopmentTeam = K78T9LD5UA;
					};
				};
			};
			buildConfigurationList = 09C716821F70C10D00A3A337 /* Build configuration list for PBXProject "ALG" */;
			compatibilityVersion = "Xcode 3.2";
			developmentRegion = English;
			hasScannedForEncodings = 0;
			knownRegions = (
				en,
				Base,
			);
			mainGroup = 09C7167E1F70C10D00A3A337;
			productRefGroup = 09C716881F70C10D00A3A337 /* Products */;
			projectDirPath = "";
			projectRoot = "";
			targets = (
				09C716861F70C10D00A3A337 /* ALG */,
				09BB312D1F75046600634517 /* queue */,
				09DD4D9D1F7556D60041EFCA /* StackQueue */,
				09E819451F8CD351005EFBB6 /* ALG copy */,
			);
		};
/* End PBXProject section */

/* Begin PBXResourcesBuildPhase section */
		09C716851F70C10D00A3A337 /* Resources */ = {
			isa = PBXResourcesBuildPhase;
			buildActionMask = 2147483647;
			files = (
				09C7169A1F70C10D00A3A337 /* LaunchScreen.storyboard in Resources */,
				09C716971F70C10D00A3A337 /* Assets.xcassets in Resources */,
				09C9AD2C1F7CCFE8008E945F /* word.txt in Resources */,
				09C716951F70C10D00A3A337 /* Main.storyboard in Resources */,
				09E8193E1F8C96DB005EFBB6 /* File.js in Resources */,
			);
			runOnlyForDeploymentPostprocessing = 0;
		};
		09E8195F1F8CD351005EFBB6 /* Resources */ = {
			isa = PBXResourcesBuildPhase;
			buildActionMask = 2147483647;
			files = (
				09E819601F8CD351005EFBB6 /* LaunchScreen.storyboard in Resources */,
				09E819611F8CD351005EFBB6 /* Assets.xcassets in Resources */,
				09E819621F8CD351005EFBB6 /* word.txt in Resources */,
				09E819631F8CD351005EFBB6 /* Main.storyboard in Resources */,
				09E819641F8CD351005EFBB6 /* File.js in Resources */,
			);
			runOnlyForDeploymentPostprocessing = 0;
		};
/* End PBXResourcesBuildPhase section */

/* Begin PBXShellScriptBuildPhase section */
		09BB312C1F75046600634517 /* ShellScript */ = {
			isa = PBXShellScriptBuildPhase;
			buildActionMask = 2147483647;
			files = (
			);
			inputPaths = (
			);
			outputPaths = (
			);
			runOnlyForDeploymentPostprocessing = 0;
			shellPath = /bin/sh;
			shellScript = "/opt/MonkeyDev/bin/md --xcbp";
		};
/* End PBXShellScriptBuildPhase section */

/* Begin PBXSourcesBuildPhase section */
		09BB312A1F75046600634517 /* Sources */ = {
			isa = PBXSourcesBuildPhase;
			buildActionMask = 2147483647;
			files = (
			);
			runOnlyForDeploymentPostprocessing = 0;
		};
		09C716831F70C10D00A3A337 /* Sources */ = {
			isa = PBXSourcesBuildPhase;
			buildActionMask = 2147483647;
			files = (
				093CD1781F94ADDF008292A3 /* Generate Parentheses.m in Sources */,
				09BB313C1F75167100634517 /* BinarySearch.m in Sources */,
				09BB31121F7500D300634517 /* Practice.m in Sources */,
				09848B0F1F7A63A700C8F54E /* HightlightBinaryTree.m in Sources */,
				096948651F96344D00A8B8E1 /* Valid Palindrome.m in Sources */,
				0994EB401F8F66C000FDD5E5 /* Two sorted array Median.m in Sources */,
				09C9AD291F7CCC85008E945F /* Topkk.m in Sources */,
				093CD16C1F948D18008292A3 /* Roman To  Int.m in Sources */,
				0988CC551F73532700ED50B4 /* MergeSort.m in Sources */,
				09263AE01F7B8EEC003C5911 /* Trie.m in Sources */,
				093CD1751F949FEE008292A3 /* Valid Parentheses.m in Sources */,
				09C716921F70C10D00A3A337 /* ViewController.m in Sources */,
				094D87131F8B4B2C00D00860 /* DynamicProgramming.m in Sources */,
				0919CA001F8E1C5400AC4DA3 /* Full Permutation.m in Sources */,
				0993C9C61F959842003E14F4 /* Implement strStr().m in Sources */,
				0957EF411F909D4000616B77 /* Find more than half of the array number.m in Sources */,
				095251341F933EC600C6989E /* TreeQuestion.m in Sources */,
				0994EB3C1F8F447B00FDD5E5 /* Regular Expression Matching.m in Sources */,
				09BB310E1F74E67300634517 /* LinkedList.m in Sources */,
				094D87161F8B803D00D00860 /* GreedyALG.m in Sources */,
				09E819441F8CBA24005EFBB6 /* block.cpp in Sources */,
				09DD4D781F7546790041EFCA /* Queue.m in Sources */,
				096948681F963AB600A8B8E1 /* Palindrome Partitioning.m in Sources */,
				09C63E5C1F7272D900EABCAF /* HeapSort.m in Sources */,
				09C7168F1F70C10D00A3A337 /* AppDelegate.m in Sources */,
				09E01EA21F766051005D3594 /* isPalindrome.m in Sources */,
				09E01E9F1F7657CD005D3594 /* mergeKSortedLists.m in Sources */,
				095FFF521F78DDC3000F6BA0 /* BinaryTree.m in Sources */,
				0957EF4B1F90C59F00616B77 /* LinklistQuestion.m in Sources */,
				0919C9F41F8DBDF900AC4DA3 /* Longest Palindromic Substring.m in Sources */,
				09C7168C1F70C10D00A3A337 /* main.m in Sources */,
				09E01E9B1F76513F005D3594 /* addTwoNumbers.m in Sources */,
				0919C9F71F8DEB1F00AC4DA3 /* Longest Substring Without Repeating Characters.m in Sources */,
				093CD1691F946024008292A3 /* Two num.m in Sources */,
				0993C9D91F95F79E003E14F4 /* Word Search.m in Sources */,
				0994EB431F8F6E6800FDD5E5 /* Find Minimum in Rotated Sorted Array.m in Sources */,
				0957EF3E1F9092D000616B77 /* Find Num in Yang Array.m in Sources */,
				0993C9D01F95B161003E14F4 /* Add Binary.m in Sources */,
				0919C9FD1F8E168200AC4DA3 /* Reverse Words in a String.m in Sources */,
				0957EF471F90AC9300616B77 /* Find specific num count in Orderly array.m in Sources */,
				098F56C51F7F7F6400234CFA /* Graph.m in Sources */,
				09C010CB1F739CE9007BB39C /* ShellSort.m in Sources */,
				0993C9D31F95D96D003E14F4 /* Set Matrix Zeroes.m in Sources */,
				0993C9C91F95A0E6003E14F4 /* Group Anagrams.m in Sources */,
				09C716A41F70C16A00A3A337 /* SortHandle.m in Sources */,
				0919C9FA1F8DFBE900AC4DA3 /* String to Integer.m in Sources */,
				0993C9D61F95E7A2003E14F4 /* Combinations.m in Sources */,
				0993C9CD1F95A6FA003E14F4 /* Pow(x, n).m in Sources */,
				0993C9DC1F960640003E14F4 /* Decode Ways.m in Sources */,
				0957EF441F90A45E00616B77 /* Kth Largest Element in an Array.m in Sources */,
				09E819421F8CB9DF005EFBB6 /* block.c in Sources */,
				093CD1721F9490B4008292A3 /* _3Num.m in Sources */,
				0994EB391F8F32F100FDD5E5 /* Maximum Subarray.m in Sources */,
			);
			runOnlyForDeploymentPostprocessing = 0;
		};
		09DD4D9A1F7556D60041EFCA /* Sources */ = {
			isa = PBXSourcesBuildPhase;
			buildActionMask = 2147483647;
			files = (
			);
			runOnlyForDeploymentPostprocessing = 0;
		};
		09E819461F8CD351005EFBB6 /* Sources */ = {
			isa = PBXSourcesBuildPhase;
			buildActionMask = 2147483647;
			files = (
				09E819471F8CD351005EFBB6 /* BinarySearch.m in Sources */,
				09E819481F8CD351005EFBB6 /* Practice.m in Sources */,
				09E819491F8CD351005EFBB6 /* HightlightBinaryTree.m in Sources */,
				09E8194A1F8CD351005EFBB6 /* Topkk.m in Sources */,
				09E8194B1F8CD351005EFBB6 /* MergeSort.m in Sources */,
				09E8194C1F8CD351005EFBB6 /* Trie.m in Sources */,
				09E8194D1F8CD351005EFBB6 /* ViewController.m in Sources */,
				09E8194E1F8CD351005EFBB6 /* DynamicProgramming.m in Sources */,
				09E8194F1F8CD351005EFBB6 /* LinkedList.m in Sources */,
				09E819501F8CD351005EFBB6 /* GreedyALG.m in Sources */,
				09E819511F8CD351005EFBB6 /* block.cpp in Sources */,
				09E819521F8CD351005EFBB6 /* Queue.m in Sources */,
				09E819531F8CD351005EFBB6 /* HeapSort.m in Sources */,
				09E819541F8CD351005EFBB6 /* AppDelegate.m in Sources */,
				09E819551F8CD351005EFBB6 /* isPalindrome.m in Sources */,
				09E819561F8CD351005EFBB6 /* mergeKSortedLists.m in Sources */,
				09E819581F8CD351005EFBB6 /* main.m in Sources */,
				09E819591F8CD351005EFBB6 /* addTwoNumbers.m in Sources */,
				09E8195A1F8CD351005EFBB6 /* Graph.m in Sources */,
				09E8195B1F8CD351005EFBB6 /* ShellSort.m in Sources */,
				09E8196A1F8CD490005EFBB6 /* BinaryTree.m in Sources */,
				09E8195C1F8CD351005EFBB6 /* SortHandle.m in Sources */,
				09E8195D1F8CD351005EFBB6 /* block.c in Sources */,
			);
			runOnlyForDeploymentPostprocessing = 0;
		};
/* End PBXSourcesBuildPhase section */

/* Begin PBXVariantGroup section */
		09C716931F70C10D00A3A337 /* Main.storyboard */ = {
			isa = PBXVariantGroup;
			children = (
				09C716941F70C10D00A3A337 /* Base */,
			);
			name = Main.storyboard;
			sourceTree = "<group>";
		};
		09C716981F70C10D00A3A337 /* LaunchScreen.storyboard */ = {
			isa = PBXVariantGroup;
			children = (
				09C716991F70C10D00A3A337 /* Base */,
			);
			name = LaunchScreen.storyboard;
			sourceTree = "<group>";
		};
/* End PBXVariantGroup section */

/* Begin XCBuildConfiguration section */
		09BB31381F75046700634517 /* Debug */ = {
			isa = XCBuildConfiguration;
			buildSettings = {
				CODE_SIGN_IDENTITY = "iPhone Developer";
				CODE_SIGN_STYLE = Automatic;
				EXCLUDED_RECURSIVE_SEARCH_PATH_SUBDIRECTORIES = "*.nib *.lproj *.gch (*) .DS_Store CVS .svn .git .hg *.xcodeproj *.xcode *.pbproj *.pbxproj";
				FRAMEWORK_SEARCH_PATHS = (
					"$(MonkeyDevPath)/frameworks/**",
					"$(MonkeyDevTheosPath)/vendor/lib",
				);
				GCC_SYMBOLS_PRIVATE_EXTERN = NO;
				GCC_WARN_ABOUT_MISSING_PROTOTYPES = YES;
				GCC_WARN_ABOUT_RETURN_TYPE = YES;
				HEADER_SEARCH_PATHS = "$(MonkeyDevTheosPath)/vendor/include/**";
				INSTALL_PATH = /usr/bin;
				IPHONEOS_DEPLOYMENT_TARGET = 8.0;
				LIBRARY_SEARCH_PATHS = "$(MonkeyDevTheosPath)/vendor/lib/**";
				MonkeyDevBuildPackageOnAnyBuild = NO;
				MonkeyDevClearUiCacheOnInstall = NO;
				MonkeyDevCopyOnBuild = NO;
				MonkeyDevDeviceIP = "";
				MonkeyDevDevicePort = "";
				MonkeyDevInstallOnAnyBuild = YES;
				MonkeyDevInstallOnProfiling = YES;
				MonkeyDevPath = /opt/MonkeyDev;
				MonkeyDevTheosPath = /opt/theos;
				MonkeyDevkillProcessOnInstall = SpringBoard;
				OTHER_CFLAGS = "-DTHEOS_INSTANCE_NAME=\"\\\"queue\\\"\"";
				PRODUCT_NAME = "$(TARGET_NAME)";
				TARGETED_DEVICE_FAMILY = "1,2";
				VALIDATE_PRODUCT = NO;
			};
			name = Debug;
		};
		09BB31391F75046700634517 /* Release */ = {
			isa = XCBuildConfiguration;
			buildSettings = {
				CODE_SIGN_IDENTITY = "iPhone Developer";
				CODE_SIGN_STYLE = Automatic;
				COPY_PHASE_STRIP = YES;
				EXCLUDED_RECURSIVE_SEARCH_PATH_SUBDIRECTORIES = "*.nib *.lproj *.gch (*) .DS_Store CVS .svn .git .hg *.xcodeproj *.xcode *.pbproj *.pbxproj";
				FRAMEWORK_SEARCH_PATHS = (
					"$(MonkeyDevPath)/frameworks/**",
					"$(MonkeyDevTheosPath)/vendor/lib",
				);
				GCC_WARN_ABOUT_MISSING_PROTOTYPES = YES;
				GCC_WARN_ABOUT_RETURN_TYPE = YES;
				HEADER_SEARCH_PATHS = "$(MonkeyDevTheosPath)/vendor/include/**";
				INSTALL_PATH = /usr/bin;
				IPHONEOS_DEPLOYMENT_TARGET = 8.0;
				LIBRARY_SEARCH_PATHS = "$(MonkeyDevTheosPath)/vendor/lib/**";
				MonkeyDevBuildPackageOnAnyBuild = NO;
				MonkeyDevClearUiCacheOnInstall = NO;
				MonkeyDevCopyOnBuild = NO;
				MonkeyDevDeviceIP = "";
				MonkeyDevDevicePort = "";
				MonkeyDevInstallOnAnyBuild = YES;
				MonkeyDevInstallOnProfiling = YES;
				MonkeyDevPath = /opt/MonkeyDev;
				MonkeyDevTheosPath = /opt/theos;
				MonkeyDevkillProcessOnInstall = SpringBoard;
				OTHER_CFLAGS = "-DTHEOS_INSTANCE_NAME=\"\\\"queue\\\"\"";
				PRODUCT_NAME = "$(TARGET_NAME)";
				TARGETED_DEVICE_FAMILY = "1,2";
			};
			name = Release;
		};
		09C7169C1F70C10D00A3A337 /* Debug */ = {
			isa = XCBuildConfiguration;
			buildSettings = {
				ALWAYS_SEARCH_USER_PATHS = NO;
				CLANG_ANALYZER_NONNULL = YES;
				CLANG_ANALYZER_NUMBER_OBJECT_CONVERSION = YES_AGGRESSIVE;
				CLANG_CXX_LANGUAGE_STANDARD = "gnu++0x";
				CLANG_CXX_LIBRARY = "libc++";
				CLANG_ENABLE_MODULES = YES;
				CLANG_ENABLE_OBJC_ARC = YES;
				CLANG_WARN_BOOL_CONVERSION = YES;
				CLANG_WARN_CONSTANT_CONVERSION = YES;
				CLANG_WARN_DIRECT_OBJC_ISA_USAGE = YES_ERROR;
				CLANG_WARN_DOCUMENTATION_COMMENTS = YES;
				CLANG_WARN_EMPTY_BODY = YES;
				CLANG_WARN_ENUM_CONVERSION = YES;
				CLANG_WARN_INFINITE_RECURSION = YES;
				CLANG_WARN_INT_CONVERSION = YES;
				CLANG_WARN_OBJC_ROOT_CLASS = YES_ERROR;
				CLANG_WARN_SUSPICIOUS_MOVE = YES;
				CLANG_WARN_UNREACHABLE_CODE = YES;
				CLANG_WARN__DUPLICATE_METHOD_MATCH = YES;
				"CODE_SIGN_IDENTITY[sdk=iphoneos*]" = "iPhone Developer";
				COPY_PHASE_STRIP = NO;
				DEBUG_INFORMATION_FORMAT = dwarf;
				ENABLE_STRICT_OBJC_MSGSEND = YES;
				ENABLE_TESTABILITY = YES;
				GCC_C_LANGUAGE_STANDARD = gnu99;
				GCC_DYNAMIC_NO_PIC = NO;
				GCC_NO_COMMON_BLOCKS = YES;
				GCC_OPTIMIZATION_LEVEL = 0;
				GCC_PREPROCESSOR_DEFINITIONS = (
					"DEBUG=1",
					"$(inherited)",
				);
				GCC_WARN_64_TO_32_BIT_CONVERSION = YES;
				GCC_WARN_ABOUT_RETURN_TYPE = YES_ERROR;
				GCC_WARN_UNDECLARED_SELECTOR = YES;
				GCC_WARN_UNINITIALIZED_AUTOS = YES_AGGRESSIVE;
				GCC_WARN_UNUSED_FUNCTION = YES;
				GCC_WARN_UNUSED_VARIABLE = YES;
				IPHONEOS_DEPLOYMENT_TARGET = 10.3;
				MTL_ENABLE_DEBUG_INFO = YES;
				ONLY_ACTIVE_ARCH = YES;
				SDKROOT = iphoneos;
				TARGETED_DEVICE_FAMILY = "1,2";
			};
			name = Debug;
		};
		09C7169D1F70C10D00A3A337 /* Release */ = {
			isa = XCBuildConfiguration;
			buildSettings = {
				ALWAYS_SEARCH_USER_PATHS = NO;
				CLANG_ANALYZER_NONNULL = YES;
				CLANG_ANALYZER_NUMBER_OBJECT_CONVERSION = YES_AGGRESSIVE;
				CLANG_CXX_LANGUAGE_STANDARD = "gnu++0x";
				CLANG_CXX_LIBRARY = "libc++";
				CLANG_ENABLE_MODULES = YES;
				CLANG_ENABLE_OBJC_ARC = YES;
				CLANG_WARN_BOOL_CONVERSION = YES;
				CLANG_WARN_CONSTANT_CONVERSION = YES;
				CLANG_WARN_DIRECT_OBJC_ISA_USAGE = YES_ERROR;
				CLANG_WARN_DOCUMENTATION_COMMENTS = YES;
				CLANG_WARN_EMPTY_BODY = YES;
				CLANG_WARN_ENUM_CONVERSION = YES;
				CLANG_WARN_INFINITE_RECURSION = YES;
				CLANG_WARN_INT_CONVERSION = YES;
				CLANG_WARN_OBJC_ROOT_CLASS = YES_ERROR;
				CLANG_WARN_SUSPICIOUS_MOVE = YES;
				CLANG_WARN_UNREACHABLE_CODE = YES;
				CLANG_WARN__DUPLICATE_METHOD_MATCH = YES;
				"CODE_SIGN_IDENTITY[sdk=iphoneos*]" = "iPhone Developer";
				COPY_PHASE_STRIP = NO;
				DEBUG_INFORMATION_FORMAT = "dwarf-with-dsym";
				ENABLE_NS_ASSERTIONS = NO;
				ENABLE_STRICT_OBJC_MSGSEND = YES;
				GCC_C_LANGUAGE_STANDARD = gnu99;
				GCC_NO_COMMON_BLOCKS = YES;
				GCC_WARN_64_TO_32_BIT_CONVERSION = YES;
				GCC_WARN_ABOUT_RETURN_TYPE = YES_ERROR;
				GCC_WARN_UNDECLARED_SELECTOR = YES;
				GCC_WARN_UNINITIALIZED_AUTOS = YES_AGGRESSIVE;
				GCC_WARN_UNUSED_FUNCTION = YES;
				GCC_WARN_UNUSED_VARIABLE = YES;
				IPHONEOS_DEPLOYMENT_TARGET = 10.3;
				MTL_ENABLE_DEBUG_INFO = NO;
				SDKROOT = iphoneos;
				TARGETED_DEVICE_FAMILY = "1,2";
				VALIDATE_PRODUCT = YES;
			};
			name = Release;
		};
		09C7169F1F70C10D00A3A337 /* Debug */ = {
			isa = XCBuildConfiguration;
			buildSettings = {
				ASSETCATALOG_COMPILER_APPICON_NAME = AppIcon;
				DEVELOPMENT_TEAM = K78T9LD5UA;
				INFOPLIST_FILE = ALG/Info.plist;
				LD_RUNPATH_SEARCH_PATHS = "$(inherited) @executable_path/Frameworks";
				PRODUCT_BUNDLE_IDENTIFIER = Jincc.ALG;
				PRODUCT_NAME = "$(TARGET_NAME)";
			};
			name = Debug;
		};
		09C716A01F70C10D00A3A337 /* Release */ = {
			isa = XCBuildConfiguration;
			buildSettings = {
				ASSETCATALOG_COMPILER_APPICON_NAME = AppIcon;
				DEVELOPMENT_TEAM = K78T9LD5UA;
				INFOPLIST_FILE = ALG/Info.plist;
				LD_RUNPATH_SEARCH_PATHS = "$(inherited) @executable_path/Frameworks";
				PRODUCT_BUNDLE_IDENTIFIER = Jincc.ALG;
				PRODUCT_NAME = "$(TARGET_NAME)";
			};
			name = Release;
		};
		09DD4DA31F7556D60041EFCA /* Debug */ = {
			isa = XCBuildConfiguration;
			buildSettings = {
				CLANG_CXX_LANGUAGE_STANDARD = "gnu++14";
				CLANG_WARN_BLOCK_CAPTURE_AUTORELEASING = YES;
				CLANG_WARN_COMMA = YES;
				CLANG_WARN_NON_LITERAL_NULL_CONVERSION = YES;
				CLANG_WARN_OBJC_LITERAL_CONVERSION = YES;
				CLANG_WARN_RANGE_LOOP_ANALYSIS = YES;
				CLANG_WARN_STRICT_PROTOTYPES = YES;
				CLANG_WARN_UNGUARDED_AVAILABILITY = YES_AGGRESSIVE;
				CODE_SIGN_IDENTITY = "-";
				CODE_SIGN_STYLE = Automatic;
				GCC_C_LANGUAGE_STANDARD = gnu11;
				MACOSX_DEPLOYMENT_TARGET = 10.12;
				PRODUCT_NAME = "$(TARGET_NAME)";
				SDKROOT = macosx;
			};
			name = Debug;
		};
		09DD4DA41F7556D60041EFCA /* Release */ = {
			isa = XCBuildConfiguration;
			buildSettings = {
				CLANG_CXX_LANGUAGE_STANDARD = "gnu++14";
				CLANG_WARN_BLOCK_CAPTURE_AUTORELEASING = YES;
				CLANG_WARN_COMMA = YES;
				CLANG_WARN_NON_LITERAL_NULL_CONVERSION = YES;
				CLANG_WARN_OBJC_LITERAL_CONVERSION = YES;
				CLANG_WARN_RANGE_LOOP_ANALYSIS = YES;
				CLANG_WARN_STRICT_PROTOTYPES = YES;
				CLANG_WARN_UNGUARDED_AVAILABILITY = YES_AGGRESSIVE;
				CODE_SIGN_IDENTITY = "-";
				CODE_SIGN_STYLE = Automatic;
				GCC_C_LANGUAGE_STANDARD = gnu11;
				MACOSX_DEPLOYMENT_TARGET = 10.12;
				PRODUCT_NAME = "$(TARGET_NAME)";
				SDKROOT = macosx;
			};
			name = Release;
		};
		09E819661F8CD351005EFBB6 /* Debug */ = {
			isa = XCBuildConfiguration;
			buildSettings = {
				ASSETCATALOG_COMPILER_APPICON_NAME = AppIcon;
				DEVELOPMENT_TEAM = K78T9LD5UA;
				INFOPLIST_FILE = "ALG copy-Info.plist";
				LD_RUNPATH_SEARCH_PATHS = "$(inherited) @executable_path/Frameworks";
				PRODUCT_BUNDLE_IDENTIFIER = Jincc.ALG;
				PRODUCT_NAME = "$(TARGET_NAME)";
			};
			name = Debug;
		};
		09E819671F8CD351005EFBB6 /* Release */ = {
			isa = XCBuildConfiguration;
			buildSettings = {
				ASSETCATALOG_COMPILER_APPICON_NAME = AppIcon;
				DEVELOPMENT_TEAM = K78T9LD5UA;
				INFOPLIST_FILE = "ALG copy-Info.plist";
				LD_RUNPATH_SEARCH_PATHS = "$(inherited) @executable_path/Frameworks";
				PRODUCT_BUNDLE_IDENTIFIER = Jincc.ALG;
				PRODUCT_NAME = "$(TARGET_NAME)";
			};
			name = Release;
		};
/* End XCBuildConfiguration section */

/* Begin XCConfigurationList section */
		09BB31371F75046700634517 /* Build configuration list for PBXNativeTarget "queue" */ = {
			isa = XCConfigurationList;
			buildConfigurations = (
				09BB31381F75046700634517 /* Debug */,
				09BB31391F75046700634517 /* Release */,
			);
			defaultConfigurationIsVisible = 0;
			defaultConfigurationName = Release;
		};
		09C716821F70C10D00A3A337 /* Build configuration list for PBXProject "ALG" */ = {
			isa = XCConfigurationList;
			buildConfigurations = (
				09C7169C1F70C10D00A3A337 /* Debug */,
				09C7169D1F70C10D00A3A337 /* Release */,
			);
			defaultConfigurationIsVisible = 0;
			defaultConfigurationName = Release;
		};
		09C7169E1F70C10D00A3A337 /* Build configuration list for PBXNativeTarget "ALG" */ = {
			isa = XCConfigurationList;
			buildConfigurations = (
				09C7169F1F70C10D00A3A337 /* Debug */,
				09C716A01F70C10D00A3A337 /* Release */,
			);
			defaultConfigurationIsVisible = 0;
			defaultConfigurationName = Release;
		};
		09DD4DA21F7556D60041EFCA /* Build configuration list for PBXNativeTarget "StackQueue" */ = {
			isa = XCConfigurationList;
			buildConfigurations = (
				09DD4DA31F7556D60041EFCA /* Debug */,
				09DD4DA41F7556D60041EFCA /* Release */,
			);
			defaultConfigurationIsVisible = 0;
			defaultConfigurationName = Release;
		};
		09E819651F8CD351005EFBB6 /* Build configuration list for PBXNativeTarget "ALG copy" */ = {
			isa = XCConfigurationList;
			buildConfigurations = (
				09E819661F8CD351005EFBB6 /* Debug */,
				09E819671F8CD351005EFBB6 /* Release */,
			);
			defaultConfigurationIsVisible = 0;
			defaultConfigurationName = Release;
		};
/* End XCConfigurationList section */
	};
	rootObject = 09C7167F1F70C10D00A3A337 /* Project object */;
}
